<?xml version="1.0" encoding="utf-8"?>
<Project ToolsVersion="4.0" xmlns="http://schemas.microsoft.com/developer/msbuild/2003">
  <ItemGroup>
    <ClCompile Include="dllmain.cpp" />
  </ItemGroup>
  <ItemGroup>
    <ClInclude Include="Memory\Hooks\GameHook.h" />
    <ClInclude Include="Memory\Hooks\VirtualHook.h" />
    <ClInclude Include="Memory\SDK\Block.h" />
    <ClInclude Include="Memory\SDK\BlockSource.h" />
    <ClInclude Include="Memory\SDK\CompoundTag.h" />
    <ClInclude Include="Memory\SDK\Dimension.h" />
    <ClInclude Include="Memory\SDK\GameMode.h" />
    <ClInclude Include="Memory\SDK\HIDController.h" />
    <ClInclude Include="Memory\SDK\Level.h" />
    <ClInclude Include="Memory\SDK\Weather.h" />
    <ClInclude Include="Netherite\Command\Command.h" />
    <ClInclude Include="Netherite\Command\CommandManager.h" />
    <ClInclude Include="Netherite\Command\Commands\TestCommand.h" />
    <ClInclude Include="Netherite\Handlers\SubRenderContextHandle.h" />
    <ClInclude Include="Netherite\Math\AABB.h" />
    <ClInclude Include="Netherite\Math\CaretMeasureData.h" />
    <ClInclude Include="Netherite\Math\DeviceIDGenerator.h" />
    <ClInclude Include="Netherite\Math\ExtraKeys.h" />
    <ClInclude Include="Netherite\Math\GameCursors.h" />
    <ClInclude Include="Netherite\Math\UIColor.h" />
    <ClInclude Include="Netherite\Math\Vector2.h" />
    <ClInclude Include="Netherite\Math\Vector3.h" />
    <ClInclude Include="Netherite\Math\Vector3i.h" />
    <ClInclude Include="Netherite\Math\Vector4.h" />
    <ClInclude Include="Netherite\Module\Module.h" />
    <ClInclude Include="Netherite\Module\ModuleManager.h" />
    <ClInclude Include="Memory\MCM.h" />
    <ClInclude Include="Memory\SDK\Actor.h" />
    <ClInclude Include="Memory\SDK\BitmapFont.h" />
    <ClInclude Include="Memory\SDK\ClientInstance.h" />
    <ClInclude Include="Memory\SDK\GuiData.h" />
    <ClInclude Include="Memory\SDK\MinecraftGame.h" />
    <ClInclude Include="Memory\SDK\MinecraftUIRenderContext.h" />
    <ClInclude Include="Memory\SDK\SubSDK\TextHolder.h" />
    <ClInclude Include="Memory\Utils\DrawUtils.h" />
    <ClInclude Include="Netherite\Module\ModuleOption.h" />
    <ClInclude Include="Netherite\Module\ModuleSettings\ModuleSetting.h" />
    <ClInclude Include="Netherite\Module\ModuleSettings\ModuleSlider.h" />
    <ClInclude Include="Netherite\Module\Modules\Animations.h" />
    <ClInclude Include="Netherite\Module\Modules\AntiImmobile.h" />
    <ClInclude Include="Netherite\Module\Modules\ArrayList.h" />
    <ClInclude Include="Netherite\Module\Modules\AutoClicker.h" />
    <ClInclude Include="Netherite\Module\Modules\Derp.h" />
    <ClInclude Include="Netherite\Module\Modules\FastStop.h" />
    <ClInclude Include="Netherite\Module\Modules\Hitbox.h" />
    <ClInclude Include="Netherite\Module\Modules\LongJump.h" />
    <ClInclude Include="Netherite\Module\Modules\NoSwing.h" />
    <ClInclude Include="Netherite\Module\Modules\Speed.h" />
    <ClInclude Include="Netherite\Module\Modules\NoLagBack.h" />
    <ClInclude Include="Netherite\Module\Modules\FastPlace.h" />
    <ClInclude Include="Netherite\Module\Modules\Reach.h" />
    <ClInclude Include="Netherite\Module\Modules\Scaffold.h" />
    <ClInclude Include="Netherite\Module\Modules\Sprint.h" />
    <ClInclude Include="Netherite\Module\Modules\ClickGUI.h" />
    <ClInclude Include="Netherite\Module\Modules\CustomCursor.h" />
    <ClInclude Include="Netherite\Module\Modules\Flight.h" />
    <ClInclude Include="Netherite\Module\Modules\Step.h" />
    <ClInclude Include="Netherite\Module\Modules\TestModule.h" />
    <ClInclude Include="Netherite\Module\Modules\Velocity.h" />
    <ClInclude Include="Netherite\Module\Modules\Watermark.h" />
    <ClInclude Include="Netherite\Module\Modules\Killaura.h" />
    <ClInclude Include="Netherite\Module\Modules\NoHurtCam.h" />
    <ClInclude Include="Netherite\Module\Modules\NoSlow.h" />
    <ClInclude Include="Netherite\Notifications\Notification.h" />
    <ClInclude Include="Netherite\Module\Modules\Zoom.h" />
    <ClInclude Include="Netherite\Module\Modules\DIDChanger.h" />
    <ClInclude Include="Memory\SDK\Packets\TextPacket.h" />
    <ClInclude Include="Memory\SDK\Packet.h" />
    <ClInclude Include="Memory\SDK\LevelRenderer.h" />
    <ClInclude Include="Memory\SDK\GLMatrix.h" />
    <ClInclude Include="Netherite\Module\Modules\ESP.h" />
    <ClInclude Include="Memory\SDK\TimerCls.h" />
    <ClInclude Include="Netherite\Module\Modules\Timer.h" />
    <ClInclude Include="Memory\SDK\LoopbackSender.h" />
    <ClInclude Include="Netherite\Module\Modules\NoPacket.h" />
    <ClInclude Include="Netherite\Module\Modules\ServerXP.h" />
    <ClInclude Include="Netherite\Module\Modules\Nametags.h" />
    <ClInclude Include="Memory\SDK\Player.h" />
    <ClInclude Include="Memory\Netherite.h" />
    <ClInclude Include="Netherite\Module\Modules\Enviroment.h" />
  </ItemGroup>
  <ItemGroup>
    <None Include="packages.config" />
  </ItemGroup>
</Project>